{
  "nodes": {
    "disko": {
      "inputs": {
        "nixpkgs": [
          "nixpkgs"
        ]
      },
      "locked": {
        "lastModified": 1756115622,
        "narHash": "sha256-iv8xVtmLMNLWFcDM/HcAPLRGONyTRpzL9NS09RnryRM=",
        "owner": "nix-community",
        "repo": "disko",
        "rev": "bafad29f89e83b2d861b493aa23034ea16595560",
        "type": "github"
      },
      "original": {
        "owner": "nix-community",
        "repo": "disko",
        "type": "github"
      }
    },
    "ec-su-axb35": {
      "flake": false,
      "locked": {
        "lastModified": 1752926484,
        "narHash": "sha256-CKMoltjRCvfKF7tJvP+wvwiuy2EpTP3vGbs875ey/7M=",
        "owner": "cmetz",
        "repo": "ec-su_axb35-linux",
        "rev": "1761092d215322a62dee19afab7b4765788611eb",
        "type": "github"
      },
      "original": {
        "owner": "cmetz",
        "repo": "ec-su_axb35-linux",
        "type": "github"
      }
    },
    "flake-utils": {
      "inputs": {
        "systems": "systems"
      },
      "locked": {
        "lastModified": 1731533236,
        "narHash": "sha256-l0KFg5HjrsfsO/JpG+r7fRrqm12kzFHyUHqHCVpMMbI=",
        "owner": "numtide",
        "repo": "flake-utils",
        "rev": "11707dc2f618dd54ca8739b309ec4fc024de578b",
        "type": "github"
      },
      "original": {
        "owner": "numtide",
        "repo": "flake-utils",
        "type": "github"
      }
    },
    "llama-cpp": {
      "flake": false,
      "locked": {
        "lastModified": 1756405983,
        "narHash": "sha256-6IapWEZF0Gy+Tl6P7c+whWX7PBhZzbJh1y+pXPIPb7w=",
        "owner": "ggerganov",
        "repo": "llama.cpp",
        "rev": "c97dc093912ad014f6d22743ede0d4d7fd82365a",
        "type": "github"
      },
      "original": {
        "owner": "ggerganov",
        "repo": "llama.cpp",
        "type": "github"
      }
    },
    "nixpkgs": {
      "locked": {
        "lastModified": 1756266583,
        "narHash": "sha256-cr748nSmpfvnhqSXPiCfUPxRz2FJnvf/RjJGvFfaCsM=",
        "owner": "NixOS",
        "repo": "nixpkgs",
        "rev": "8a6d5427d99ec71c64f0b93d45778c889005d9c2",
        "type": "github"
      },
      "original": {
        "owner": "NixOS",
        "ref": "nixos-unstable",
        "repo": "nixpkgs",
        "type": "github"
      }
    },
    "rocwmma": {
      "flake": false,
      "locked": {
        "lastModified": 1756226380,
        "narHash": "sha256-NaMoqSs1ow8V0ae6EYX2AovOGlys5/SJPmsMijxuiFQ=",
        "owner": "ROCm",
        "repo": "rocWMMA",
        "rev": "c878b0520dbf24dc7e5e7a188f4e0ca81747cf41",
        "type": "github"
      },
      "original": {
        "owner": "ROCm",
        "repo": "rocWMMA",
        "type": "github"
      }
    },
    "root": {
      "inputs": {
        "disko": "disko",
        "ec-su-axb35": "ec-su-axb35",
        "flake-utils": "flake-utils",
        "llama-cpp": "llama-cpp",
        "nixpkgs": "nixpkgs",
        "rocwmma": "rocwmma"
      }
    },
    "systems": {
      "locked": {
        "lastModified": 1681028828,
        "narHash": "sha256-Vy1rq5AaRuLzOxct8nz4T6wlgyUR7zLU309k9mBC768=",
        "owner": "nix-systems",
        "repo": "default",
        "rev": "da67096a3b9bf56a91d16901293e51ba5b49a27e",
        "type": "github"
      },
      "original": {
        "owner": "nix-systems",
        "repo": "default",
        "type": "github"
      }
    }
  },
  "root": "root",
  "version": 7
}
