{
  "nodes": {
    "ec-su-axb35": {
      "flake": false,
      "locked": {
        "lastModified": 1779413431,
        "narHash": "sha256-VuKP1wYqjkxsMGZo6W+MPiie/5slQrB08DKfF+kXgJo=",
        "owner": "cmetz",
        "repo": "ec-su_axb35-linux",
        "rev": "b8cab5a4ad6b6fc0489520742d4e510f72407558",
        "type": "github"
      },
      "original": {
        "owner": "cmetz",
        "repo": "ec-su_axb35-linux",
        "type": "github"
      }
    },
    "nixpkgs": {
      "locked": {
        "lastModified": 1779560665,
        "narHash": "sha256-tpyBcxPpcQb8ukyNF7DoCwfSY3VPsxHoYwj00Cayv5o=",
        "owner": "NixOS",
        "repo": "nixpkgs",
        "rev": "64c08a7ca051951c8eae34e3e3cb1e202fe36786",
        "type": "github"
      },
      "original": {
        "owner": "NixOS",
        "ref": "nixos-unstable",
        "repo": "nixpkgs",
        "type": "github"
      }
    },
    "root": {
      "inputs": {
        "ec-su-axb35": "ec-su-axb35",
        "nixpkgs": "nixpkgs"
      }
    }
  },
  "root": "root",
  "version": 7
}
